
Microsoft Visual Studio Solution File, Format Version 12.00
# Visual Studio Version 17
VisualStudioVersion = 17.7.34031.279
MinimumVisualStudioVersion = 10.0.40219.1
Project("{FAE04EC0-301F-11D3-BF4B-00C04F79EFBC}") = "exam", "exam\exam.csproj", "{8373439B-4FD1-47FD-B411-A2C6FB2BBC93}"
EndProject
Global
	GlobalSection(SolutionConfigurationPlatforms) = preSolution
		Debug|Any CPU = Debug|Any CPU
		Release|Any CPU = Release|Any CPU
	EndGlobalSection
	GlobalSection(ProjectConfigurationPlatforms) = postSolution
		{8373439B-4FD1-47FD-B411-A2C6FB2BBC93}.Debug|Any CPU.ActiveCfg = Debug|Any CPU
		{8373439B-4FD1-47FD-B411-A2C6FB2BBC93}.Debug|Any CPU.Build.0 = Debug|Any CPU
		{8373439B-4FD1-47FD-B411-A2C6FB2BBC93}.Release|Any CPU.ActiveCfg = Release|Any CPU
		{8373439B-4FD1-47FD-B411-A2C6FB2BBC93}.Release|Any CPU.Build.0 = Release|Any CPU
	EndGlobalSection
	GlobalSection(SolutionProperties) = preSolution
		HideSolutionNode = FALSE
	EndGlobalSection
	GlobalSection(ExtensibilityGlobals) = postSolution
		SolutionGuid = {13D6D6FD-9FFC-4CDB-A6AB-9B80890B1A8B}
	EndGlobalSection
EndGlobal
